
Microsoft Visual Studio Solution File, Format Version 12.00
# Visual Studio Version 16
VisualStudioVersion = 16.0.31112.23
MinimumVisualStudioVersion = 10.0.40219.1
Project("{FAE04EC0-301F-11D3-BF4B-00C04F79EFBC}") = "Splines", "Splines\Splines.csproj", "{2EDA490D-411C-4A21-9299-11EE9A74A856}"
EndProject
Global
	GlobalSection(SolutionConfigurationPlatforms) = preSolution
		Debug|Any CPU = Debug|Any CPU
		Release|Any CPU = Release|Any CPU
	EndGlobalSection
	GlobalSection(ProjectConfigurationPlatforms) = postSolution
		{2EDA490D-411C-4A21-9299-11EE9A74A856}.Debug|Any CPU.ActiveCfg = Debug|Any CPU
		{2EDA490D-411C-4A21-9299-11EE9A74A856}.Debug|Any CPU.Build.0 = Debug|Any CPU
		{2EDA490D-411C-4A21-9299-11EE9A74A856}.Release|Any CPU.ActiveCfg = Release|Any CPU
		{2EDA490D-411C-4A21-9299-11EE9A74A856}.Release|Any CPU.Build.0 = Release|Any CPU
	EndGlobalSection
	GlobalSection(SolutionProperties) = preSolution
		HideSolutionNode = FALSE
	EndGlobalSection
	GlobalSection(ExtensibilityGlobals) = postSolution
		SolutionGuid = {35350F26-252F-4B8F-BAF0-846DE9E5EC6E}
	EndGlobalSection
EndGlobal
